
Microsoft Visual Studio Solution File, Format Version 12.00
# Visual Studio Version 16
VisualStudioVersion = 16.0.32630.194
MinimumVisualStudioVersion = 10.0.40219.1
Project("{FAE04EC0-301F-11D3-BF4B-00C04F79EFBC}") = "UltraVibe", "UltraVibe.csproj", "{8EAFB8FE-45EC-44CD-B178-7B91AF181B9A}"
EndProject
Global
	GlobalSection(SolutionConfigurationPlatforms) = preSolution
		Debug|Any CPU = Debug|Any CPU
		Release|Any CPU = Release|Any CPU
	EndGlobalSection
	GlobalSection(ProjectConfigurationPlatforms) = postSolution
		{8EAFB8FE-45EC-44CD-B178-7B91AF181B9A}.Debug|Any CPU.ActiveCfg = Debug|Any CPU
		{8EAFB8FE-45EC-44CD-B178-7B91AF181B9A}.Debug|Any CPU.Build.0 = Debug|Any CPU
		{8EAFB8FE-45EC-44CD-B178-7B91AF181B9A}.Release|Any CPU.ActiveCfg = Release|Any CPU
		{8EAFB8FE-45EC-44CD-B178-7B91AF181B9A}.Release|Any CPU.Build.0 = Release|Any CPU
	EndGlobalSection
	GlobalSection(SolutionProperties) = preSolution
		HideSolutionNode = FALSE
	EndGlobalSection
	GlobalSection(ExtensibilityGlobals) = postSolution
		SolutionGuid = {BE394F7E-6B3B-488E-8931-B09584CD0E58}
	EndGlobalSection
EndGlobal
